
Microsoft Visual Studio Solution File, Format Version 12.00
# Visual Studio Version 17
VisualStudioVersion = 17.7.34202.233
MinimumVisualStudioVersion = 10.0.40219.1
Project("{FAE04EC0-301F-11D3-BF4B-00C04F79EFBC}") = "ConsoleApp_Code", "ConsoleApp_Code\ConsoleApp_Code.csproj", "{C73B1A82-3C6B-4B6E-8E70-9B87EB45611C}"
EndProject
Global
	GlobalSection(SolutionConfigurationPlatforms) = preSolution
		Debug|Any CPU = Debug|Any CPU
		Release|Any CPU = Release|Any CPU
	EndGlobalSection
	GlobalSection(ProjectConfigurationPlatforms) = postSolution
		{C73B1A82-3C6B-4B6E-8E70-9B87EB45611C}.Debug|Any CPU.ActiveCfg = Debug|Any CPU
		{C73B1A82-3C6B-4B6E-8E70-9B87EB45611C}.Debug|Any CPU.Build.0 = Debug|Any CPU
		{C73B1A82-3C6B-4B6E-8E70-9B87EB45611C}.Release|Any CPU.ActiveCfg = Release|Any CPU
		{C73B1A82-3C6B-4B6E-8E70-9B87EB45611C}.Release|Any CPU.Build.0 = Release|Any CPU
	EndGlobalSection
	GlobalSection(SolutionProperties) = preSolution
		HideSolutionNode = FALSE
	EndGlobalSection
	GlobalSection(ExtensibilityGlobals) = postSolution
		SolutionGuid = {7AFCFC3D-2E08-4CF5-AEAC-5F0548FE5455}
	EndGlobalSection
EndGlobal
